
Microsoft Visual Studio Solution File, Format Version 12.00
# Visual Studio Version 17
VisualStudioVersion = 17.6.33815.320
MinimumVisualStudioVersion = 10.0.40219.1
Project("{FAE04EC0-301F-11D3-BF4B-00C04F79EFBC}") = "DummyAPIDataUploader", "DummyAPIDataUploader\DummyAPIDataUploader.csproj", "{66A09CEE-3078-419E-AED3-3B9C6647D637}"
EndProject
Global
	GlobalSection(SolutionConfigurationPlatforms) = preSolution
		Debug|Any CPU = Debug|Any CPU
		Release|Any CPU = Release|Any CPU
	EndGlobalSection
	GlobalSection(ProjectConfigurationPlatforms) = postSolution
		{66A09CEE-3078-419E-AED3-3B9C6647D637}.Debug|Any CPU.ActiveCfg = Debug|Any CPU
		{66A09CEE-3078-419E-AED3-3B9C6647D637}.Debug|Any CPU.Build.0 = Debug|Any CPU
		{66A09CEE-3078-419E-AED3-3B9C6647D637}.Release|Any CPU.ActiveCfg = Release|Any CPU
		{66A09CEE-3078-419E-AED3-3B9C6647D637}.Release|Any CPU.Build.0 = Release|Any CPU
	EndGlobalSection
	GlobalSection(SolutionProperties) = preSolution
		HideSolutionNode = FALSE
	EndGlobalSection
	GlobalSection(ExtensibilityGlobals) = postSolution
		SolutionGuid = {D1623666-2AA4-4B6C-AA27-AE6BF28C7CB2}
	EndGlobalSection
EndGlobal
